// !$*UTF8*$!
{
	archiveVersion = 1;
	classes = {
	};
	objectVersion = 50;
	objects = {

/* Begin PBXBuildFile section */
		7B0BC199216866590040C2F6 /* AppDelegate.m in Sources */ = {isa = PBXBuildFile; fileRef = 7B0BC198216866590040C2F6 /* AppDelegate.m */; };
		7B0BC19C216866590040C2F6 /* ViewController.m in Sources */ = {isa = PBXBuildFile; fileRef = 7B0BC19B216866590040C2F6 /* ViewController.m */; };
		7B0BC19F216866590040C2F6 /* Main.storyboard in Resources */ = {isa = PBXBuildFile; fileRef = 7B0BC19D216866590040C2F6 /* Main.storyboard */; };
		7B0BC1A1216866610040C2F6 /* Assets.xcassets in Resources */ = {isa = PBXBuildFile; fileRef = 7B0BC1A0216866610040C2F6 /* Assets.xcassets */; };
		7B0BC1A4216866610040C2F6 /* LaunchScreen.storyboard in Resources */ = {isa = PBXBuildFile; fileRef = 7B0BC1A2216866610040C2F6 /* LaunchScreen.storyboard */; };
		7B0BC1A7216866610040C2F6 /* main.m in Sources */ = {isa = PBXBuildFile; fileRef = 7B0BC1A6216866610040C2F6 /* main.m */; };
		7B0BC1B1216866610040C2F6 /* tabBarTestTests.m in Sources */ = {isa = PBXBuildFile; fileRef = 7B0BC1B0216866610040C2F6 /* tabBarTestTests.m */; };
		7B0BC1BC216866610040C2F6 /* tabBarTestUITests.m in Sources */ = {isa = PBXBuildFile; fileRef = 7B0BC1BB216866610040C2F6 /* tabBarTestUITests.m */; };
/* End PBXBuildFile section */

/* Begin PBXContainerItemProxy section */
		7B0BC1AD216866610040C2F6 /* PBXContainerItemProxy */ = {
			isa = PBXContainerItemProxy;
			containerPortal = 7B0BC18C216866580040C2F6 /* Project object */;
			proxyType = 1;
			remoteGlobalIDString = 7B0BC193216866580040C2F6;
			remoteInfo = tabBarTest;
		};
		7B0BC1B8216866610040C2F6 /* PBXContainerItemProxy */ = {
			isa = PBXContainerItemProxy;
			containerPortal = 7B0BC18C216866580040C2F6 /* Project object */;
			proxyType = 1;
			remoteGlobalIDString = 7B0BC193216866580040C2F6;
			remoteInfo = tabBarTest;
		};
/* End PBXContainerItemProxy section */

/* Begin PBXFileReference section */
		7B0BC194216866590040C2F6 /* tabBarTest.app */ = {isa = PBXFileReference; explicitFileType = wrapper.application; includeInIndex = 0; path = tabBarTest.app; sourceTree = BUILT_PRODUCTS_DIR; };
		7B0BC197216866590040C2F6 /* AppDelegate.h */ = {isa = PBXFileReference; lastKnownFileType = sourcecode.c.h; path = AppDelegate.h; sourceTree = "<group>"; };
		7B0BC198216866590040C2F6 /* AppDelegate.m */ = {isa = PBXFileReference; lastKnownFileType = sourcecode.c.objc; path = AppDelegate.m; sourceTree = "<group>"; };
		7B0BC19A216866590040C2F6 /* ViewController.h */ = {isa = PBXFileReference; lastKnownFileType = sourcecode.c.h; path = ViewController.h; sourceTree = "<group>"; };
		7B0BC19B216866590040C2F6 /* ViewController.m */ = {isa = PBXFileReference; lastKnownFileType = sourcecode.c.objc; path = ViewController.m; sourceTree = "<group>"; };
		7B0BC19E216866590040C2F6 /* Base */ = {isa = PBXFileReference; lastKnownFileType = file.storyboard; name = Base; path = Base.lproj/Main.storyboard; sourceTree = "<group>"; };
		7B0BC1A0216866610040C2F6 /* Assets.xcassets */ = {isa = PBXFileReference; lastKnownFileType = folder.assetcatalog; path = Assets.xcassets; sourceTree = "<group>"; };
		7B0BC1A3216866610040C2F6 /* Base */ = {isa = PBXFileReference; lastKnownFileType = file.storyboard; name = Base; path = Base.lproj/LaunchScreen.storyboard; sourceTree = "<group>"; };
		7B0BC1A5216866610040C2F6 /* Info.plist */ = {isa = PBXFileReference; lastKnownFileType = text.plist.xml; path = Info.plist; sourceTree = "<group>"; };
		7B0BC1A6216866610040C2F6 /* main.m */ = {isa = PBXFileReference; lastKnownFileType = sourcecode.c.objc; path = main.m; sourceTree = "<group>"; };
		7B0BC1AC216866610040C2F6 /* tabBarTestTests.xctest */ = {isa = PBXFileReference; explicitFileType = wrapper.cfbundle; includeInIndex = 0; path = tabBarTestTests.xctest; sourceTree = BUILT_PRODUCTS_DIR; };
		7B0BC1B0216866610040C2F6 /* tabBarTestTests.m */ = {isa = PBXFileReference; lastKnownFileType = sourcecode.c.objc; path = tabBarTestTests.m; sourceTree = "<group>"; };
		7B0BC1B2216866610040C2F6 /* Info.plist */ = {isa = PBXFileReference; lastKnownFileType = text.plist.xml; path = Info.plist; sourceTree = "<group>"; };
		7B0BC1B7216866610040C2F6 /* tabBarTestUITests.xctest */ = {isa = PBXFileReference; explicitFileType = wrapper.cfbundle; includeInIndex = 0; path = tabBarTestUITests.xctest; sourceTree = BUILT_PRODUCTS_DIR; };
		7B0BC1BB216866610040C2F6 /* tabBarTestUITests.m */ = {isa = PBXFileReference; lastKnownFileType = sourcecode.c.objc; path = tabBarTestUITests.m; sourceTree = "<group>"; };
		7B0BC1BD216866610040C2F6 /* Info.plist */ = {isa = PBXFileReference; lastKnownFileType = text.plist.xml; path = Info.plist; sourceTree = "<group>"; };
/* End PBXFileReference section */

/* Begin PBXFrameworksBuildPhase section */
		7B0BC191216866580040C2F6 /* Frameworks */ = {
			isa = PBXFrameworksBuildPhase;
			buildActionMask = 2147483647;
			files = (
			);
			runOnlyForDeploymentPostprocessing = 0;
		};
		7B0BC1A9216866610040C2F6 /* Frameworks */ = {
			isa = PBXFrameworksBuildPhase;
			buildActionMask = 2147483647;
			files = (
			);
			runOnlyForDeploymentPostprocessing = 0;
		};
		7B0BC1B4216866610040C2F6 /* Frameworks */ = {
			isa = PBXFrameworksBuildPhase;
			buildActionMask = 2147483647;
			files = (
			);
			runOnlyForDeploymentPostprocessing = 0;
		};
/* End PBXFrameworksBuildPhase section */

/* Begin PBXGroup section */
		7B0BC18B216866580040C2F6 = {
			isa = PBXGroup;
			children = (
				7B0BC196216866590040C2F6 /* tabBarTest */,
				7B0BC1AF216866610040C2F6 /* tabBarTestTests */,
				7B0BC1BA216866610040C2F6 /* tabBarTestUITests */,
				7B0BC195216866590040C2F6 /* Products */,
			);
			sourceTree = "<group>";
		};
		7B0BC195216866590040C2F6 /* Products */ = {
			isa = PBXGroup;
			children = (
				7B0BC194216866590040C2F6 /* tabBarTest.app */,
				7B0BC1AC216866610040C2F6 /* tabBarTestTests.xctest */,
				7B0BC1B7216866610040C2F6 /* tabBarTestUITests.xctest */,
			);
			name = Products;
			sourceTree = "<group>";
		};
		7B0BC196216866590040C2F6 /* tabBarTest */ = {
			isa = PBXGroup;
			children = (
				7B0BC197216866590040C2F6 /* AppDelegate.h */,
				7B0BC198216866590040C2F6 /* AppDelegate.m */,
				7B0BC19A216866590040C2F6 /* ViewController.h */,
				7B0BC19B216866590040C2F6 /* ViewController.m */,
				7B0BC19D216866590040C2F6 /* Main.storyboard */,
				7B0BC1A0216866610040C2F6 /* Assets.xcassets */,
				7B0BC1A2216866610040C2F6 /* LaunchScreen.storyboard */,
				7B0BC1A5216866610040C2F6 /* Info.plist */,
				7B0BC1A6216866610040C2F6 /* main.m */,
			);
			path = tabBarTest;
			sourceTree = "<group>";
		};
		7B0BC1AF216866610040C2F6 /* tabBarTestTests */ = {
			isa = PBXGroup;
			children = (
				7B0BC1B0216866610040C2F6 /* tabBarTestTests.m */,
				7B0BC1B2216866610040C2F6 /* Info.plist */,
			);
			path = tabBarTestTests;
			sourceTree = "<group>";
		};
		7B0BC1BA216866610040C2F6 /* tabBarTestUITests */ = {
			isa = PBXGroup;
			children = (
				7B0BC1BB216866610040C2F6 /* tabBarTestUITests.m */,
				7B0BC1BD216866610040C2F6 /* Info.plist */,
			);
			path = tabBarTestUITests;
			sourceTree = "<group>";
		};
/* End PBXGroup section */

/* Begin PBXNativeTarget section */
		7B0BC193216866580040C2F6 /* tabBarTest */ = {
			isa = PBXNativeTarget;
			buildConfigurationList = 7B0BC1C0216866610040C2F6 /* Build configuration list for PBXNativeTarget "tabBarTest" */;
			buildPhases = (
				7B0BC190216866580040C2F6 /* Sources */,
				7B0BC191216866580040C2F6 /* Frameworks */,
				7B0BC192216866580040C2F6 /* Resources */,
			);
			buildRules = (
			);
			dependencies = (
			);
			name = tabBarTest;
			productName = tabBarTest;
			productReference = 7B0BC194216866590040C2F6 /* tabBarTest.app */;
			productType = "com.apple.product-type.application";
		};
		7B0BC1AB216866610040C2F6 /* tabBarTestTests */ = {
			isa = PBXNativeTarget;
			buildConfigurationList = 7B0BC1C3216866610040C2F6 /* Build configuration list for PBXNativeTarget "tabBarTestTests" */;
			buildPhases = (
				7B0BC1A8216866610040C2F6 /* Sources */,
				7B0BC1A9216866610040C2F6 /* Frameworks */,
				7B0BC1AA216866610040C2F6 /* Resources */,
			);
			buildRules = (
			);
			dependencies = (
				7B0BC1AE216866610040C2F6 /* PBXTargetDependency */,
			);
			name = tabBarTestTests;
			productName = tabBarTestTests;
			productReference = 7B0BC1AC216866610040C2F6 /* tabBarTestTests.xctest */;
			productType = "com.apple.product-type.bundle.unit-test";
		};
		7B0BC1B6216866610040C2F6 /* tabBarTestUITests */ = {
			isa = PBXNativeTarget;
			buildConfigurationList = 7B0BC1C6216866610040C2F6 /* Build configuration list for PBXNativeTarget "tabBarTestUITests" */;
			buildPhases = (
				7B0BC1B3216866610040C2F6 /* Sources */,
				7B0BC1B4216866610040C2F6 /* Frameworks */,
				7B0BC1B5216866610040C2F6 /* Resources */,
			);
			buildRules = (
			);
			dependencies = (
				7B0BC1B9216866610040C2F6 /* PBXTargetDependency */,
			);
			name = tabBarTestUITests;
			productName = tabBarTestUITests;
			productReference = 7B0BC1B7216866610040C2F6 /* tabBarTestUITests.xctest */;
			productType = "com.apple.product-type.bundle.ui-testing";
		};
/* End PBXNativeTarget section */

/* Begin PBXProject section */
		7B0BC18C216866580040C2F6 /* Project object */ = {
			isa = PBXProject;
			attributes = {
				LastUpgradeCheck = 1000;
				ORGANIZATIONNAME = dhrubo;
				TargetAttributes = {
					7B0BC193216866580040C2F6 = {
						CreatedOnToolsVersion = 10.0;
					};
					7B0BC1AB216866610040C2F6 = {
						CreatedOnToolsVersion = 10.0;
						TestTargetID = 7B0BC193216866580040C2F6;
					};
					7B0BC1B6216866610040C2F6 = {
						CreatedOnToolsVersion = 10.0;
						TestTargetID = 7B0BC193216866580040C2F6;
					};
				};
			};
			buildConfigurationList = 7B0BC18F216866580040C2F6 /* Build configuration list for PBXProject "tabBarTest" */;
			compatibilityVersion = "Xcode 9.3";
			developmentRegion = en;
			hasScannedForEncodings = 0;
			knownRegions = (
				en,
				Base,
			);
			mainGroup = 7B0BC18B216866580040C2F6;
			productRefGroup = 7B0BC195216866590040C2F6 /* Products */;
			projectDirPath = "";
			projectRoot = "";
			targets = (
				7B0BC193216866580040C2F6 /* tabBarTest */,
				7B0BC1AB216866610040C2F6 /* tabBarTestTests */,
				7B0BC1B6216866610040C2F6 /* tabBarTestUITests */,
			);
		};
/* End PBXProject section */

/* Begin PBXResourcesBuildPhase section */
		7B0BC192216866580040C2F6 /* Resources */ = {
			isa = PBXResourcesBuildPhase;
			buildActionMask = 2147483647;
			files = (
				7B0BC1A4216866610040C2F6 /* LaunchScreen.storyboard in Resources */,
				7B0BC1A1216866610040C2F6 /* Assets.xcassets in Resources */,
				7B0BC19F216866590040C2F6 /* Main.storyboard in Resources */,
			);
			runOnlyForDeploymentPostprocessing = 0;
		};
		7B0BC1AA216866610040C2F6 /* Resources */ = {
			isa = PBXResourcesBuildPhase;
			buildActionMask = 2147483647;
			files = (
			);
			runOnlyForDeploymentPostprocessing = 0;
		};
		7B0BC1B5216866610040C2F6 /* Resources */ = {
			isa = PBXResourcesBuildPhase;
			buildActionMask = 2147483647;
			files = (
			);
			runOnlyForDeploymentPostprocessing = 0;
		};
/* End PBXResourcesBuildPhase section */

/* Begin PBXSourcesBuildPhase section */
		7B0BC190216866580040C2F6 /* Sources */ = {
			isa = PBXSourcesBuildPhase;
			buildActionMask = 2147483647;
			files = (
				7B0BC19C216866590040C2F6 /* ViewController.m in Sources */,
				7B0BC1A7216866610040C2F6 /* main.m in Sources */,
				7B0BC199216866590040C2F6 /* AppDelegate.m in Sources */,
			);
			runOnlyForDeploymentPostprocessing = 0;
		};
		7B0BC1A8216866610040C2F6 /* Sources */ = {
			isa = PBXSourcesBuildPhase;
			buildActionMask = 2147483647;
			files = (
				7B0BC1B1216866610040C2F6 /* tabBarTestTests.m in Sources */,
			);
			runOnlyForDeploymentPostprocessing = 0;
		};
		7B0BC1B3216866610040C2F6 /* Sources */ = {
			isa = PBXSourcesBuildPhase;
			buildActionMask = 2147483647;
			files = (
				7B0BC1BC216866610040C2F6 /* tabBarTestUITests.m in Sources */,
			);
			runOnlyForDeploymentPostprocessing = 0;
		};
/* End PBXSourcesBuildPhase section */

/* Begin PBXTargetDependency section */
		7B0BC1AE216866610040C2F6 /* PBXTargetDependency */ = {
			isa = PBXTargetDependency;
			target = 7B0BC193216866580040C2F6 /* tabBarTest */;
			targetProxy = 7B0BC1AD216866610040C2F6 /* PBXContainerItemProxy */;
		};
		7B0BC1B9216866610040C2F6 /* PBXTargetDependency */ = {
			isa = PBXTargetDependency;
			target = 7B0BC193216866580040C2F6 /* tabBarTest */;
			targetProxy = 7B0BC1B8216866610040C2F6 /* PBXContainerItemProxy */;
		};
/* End PBXTargetDependency section */

/* Begin PBXVariantGroup section */
		7B0BC19D216866590040C2F6 /* Main.storyboard */ = {
			isa = PBXVariantGroup;
			children = (
				7B0BC19E216866590040C2F6 /* Base */,
			);
			name = Main.storyboard;
			sourceTree = "<group>";
		};
		7B0BC1A2216866610040C2F6 /* LaunchScreen.storyboard */ = {
			isa = PBXVariantGroup;
			children = (
				7B0BC1A3216866610040C2F6 /* Base */,
			);
			name = LaunchScreen.storyboard;
			sourceTree = "<group>";
		};
/* End PBXVariantGroup section */

/* Begin XCBuildConfiguration section */
		7B0BC1BE216866610040C2F6 /* Debug */ = {
			isa = XCBuildConfiguration;
			buildSettings = {
				ALWAYS_SEARCH_USER_PATHS = NO;
				CLANG_ANALYZER_NONNULL = YES;
				CLANG_ANALYZER_NUMBER_OBJECT_CONVERSION = YES_AGGRESSIVE;
				CLANG_CXX_LANGUAGE_STANDARD = "gnu++14";
				CLANG_CXX_LIBRARY = "libc++";
				CLANG_ENABLE_MODULES = YES;
				CLANG_ENABLE_OBJC_ARC = YES;
				CLANG_ENABLE_OBJC_WEAK = YES;
				CLANG_WARN_BLOCK_CAPTURE_AUTORELEASING = YES;
				CLANG_WARN_BOOL_CONVERSION = YES;
				CLANG_WARN_COMMA = YES;
				CLANG_WARN_CONSTANT_CONVERSION = YES;
				CLANG_WARN_DEPRECATED_OBJC_IMPLEMENTATIONS = YES;
				CLANG_WARN_DIRECT_OBJC_ISA_USAGE = YES_ERROR;
				CLANG_WARN_DOCUMENTATION_COMMENTS = YES;
				CLANG_WARN_EMPTY_BODY = YES;
				CLANG_WARN_ENUM_CONVERSION = YES;
				CLANG_WARN_INFINITE_RECURSION = YES;
				CLANG_WARN_INT_CONVERSION = YES;
				CLANG_WARN_NON_LITERAL_NULL_CONVERSION = YES;
				CLANG_WARN_OBJC_IMPLICIT_RETAIN_SELF = YES;
				CLANG_WARN_OBJC_LITERAL_CONVERSION = YES;
				CLANG_WARN_OBJC_ROOT_CLASS = YES_ERROR;
				CLANG_WARN_RANGE_LOOP_ANALYSIS = YES;
				CLANG_WARN_STRICT_PROTOTYPES = YES;
				CLANG_WARN_SUSPICIOUS_MOVE = YES;
				CLANG_WARN_UNGUARDED_AVAILABILITY = YES_AGGRESSIVE;
				CLANG_WARN_UNREACHABLE_CODE = YES;
				CLANG_WARN__DUPLICATE_METHOD_MATCH = YES;
				CODE_SIGN_IDENTITY = "iPhone Developer";
				COPY_PHASE_STRIP = NO;
				DEBUG_INFORMATION_FORMAT = dwarf;
				ENABLE_STRICT_OBJC_MSGSEND = YES;
				ENABLE_TESTABILITY = YES;
				GCC_C_LANGUAGE_STANDARD = gnu11;
				GCC_DYNAMIC_NO_PIC = NO;
				GCC_NO_COMMON_BLOCKS = YES;
				GCC_OPTIMIZATION_LEVEL = 0;
				GCC_PREPROCESSOR_DEFINITIONS = (
					"DEBUG=1",
					"$(inherited)",
				);
				GCC_WARN_64_TO_32_BIT_CONVERSION = YES;
				GCC_WARN_ABOUT_RETURN_TYPE = YES_ERROR;
				GCC_WARN_UNDECLARED_SELECTOR = YES;
				GCC_WARN_UNINITIALIZED_AUTOS = YES_AGGRESSIVE;
				GCC_WARN_UNUSED_FUNCTION = YES;
				GCC_WARN_UNUSED_VARIABLE = YES;
				IPHONEOS_DEPLOYMENT_TARGET = 12.0;
				MTL_ENABLE_DEBUG_INFO = INCLUDE_SOURCE;
				MTL_FAST_MATH = YES;
				ONLY_ACTIVE_ARCH = YES;
				SDKROOT = iphoneos;
			};
			name = Debug;
		};
		7B0BC1BF216866610040C2F6 /* Release */ = {
			isa = XCBuildConfiguration;
			buildSettings = {
				ALWAYS_SEARCH_USER_PATHS = NO;
				CLANG_ANALYZER_NONNULL = YES;
				CLANG_ANALYZER_NUMBER_OBJECT_CONVERSION = YES_AGGRESSIVE;
				CLANG_CXX_LANGUAGE_STANDARD = "gnu++14";
				CLANG_CXX_LIBRARY = "libc++";
				CLANG_ENABLE_MODULES = YES;
				CLANG_ENABLE_OBJC_ARC = YES;
				CLANG_ENABLE_OBJC_WEAK = YES;
				CLANG_WARN_BLOCK_CAPTURE_AUTORELEASING = YES;
				CLANG_WARN_BOOL_CONVERSION = YES;
				CLANG_WARN_COMMA = YES;
				CLANG_WARN_CONSTANT_CONVERSION = YES;
				CLANG_WARN_DEPRECATED_OBJC_IMPLEMENTATIONS = YES;
				CLANG_WARN_DIRECT_OBJC_ISA_USAGE = YES_ERROR;
				CLANG_WARN_DOCUMENTATION_COMMENTS = YES;
				CLANG_WARN_EMPTY_BODY = YES;
				CLANG_WARN_ENUM_CONVERSION = YES;
				CLANG_WARN_INFINITE_RECURSION = YES;
				CLANG_WARN_INT_CONVERSION = YES;
				CLANG_WARN_NON_LITERAL_NULL_CONVERSION = YES;
				CLANG_WARN_OBJC_IMPLICIT_RETAIN_SELF = YES;
				CLANG_WARN_OBJC_LITERAL_CONVERSION = YES;
				CLANG_WARN_OBJC_ROOT_CLASS = YES_ERROR;
				CLANG_WARN_RANGE_LOOP_ANALYSIS = YES;
				CLANG_WARN_STRICT_PROTOTYPES = YES;
				CLANG_WARN_SUSPICIOUS_MOVE = YES;
				CLANG_WARN_UNGUARDED_AVAILABILITY = YES_AGGRESSIVE;
				CLANG_WARN_UNREACHABLE_CODE = YES;
				CLANG_WARN__DUPLICATE_METHOD_MATCH = YES;
				CODE_SIGN_IDENTITY = "iPhone Developer";
				COPY_PHASE_STRIP = NO;
				DEBUG_INFORMATION_FORMAT = "dwarf-with-dsym";
				ENABLE_NS_ASSERTIONS = NO;
				ENABLE_STRICT_OBJC_MSGSEND = YES;
				GCC_C_LANGUAGE_STANDARD = gnu11;
				GCC_NO_COMMON_BLOCKS = YES;
				GCC_WARN_64_TO_32_BIT_CONVERSION = YES;
				GCC_WARN_ABOUT_RETURN_TYPE = YES_ERROR;
				GCC_WARN_UNDECLARED_SELECTOR = YES;
				GCC_WARN_UNINITIALIZED_AUTOS = YES_AGGRESSIVE;
				GCC_WARN_UNUSED_FUNCTION = YES;
				GCC_WARN_UNUSED_VARIABLE = YES;
				IPHONEOS_DEPLOYMENT_TARGET = 12.0;
				MTL_ENABLE_DEBUG_INFO = NO;
				MTL_FAST_MATH = YES;
				SDKROOT = iphoneos;
				VALIDATE_PRODUCT = YES;
			};
			name = Release;
		};
		7B0BC1C1216866610040C2F6 /* Debug */ = {
			isa = XCBuildConfiguration;
			buildSettings = {
				ASSETCATALOG_COMPILER_APPICON_NAME = AppIcon;
				CODE_SIGN_STYLE = Automatic;
				INFOPLIST_FILE = tabBarTest/Info.plist;
				LD_RUNPATH_SEARCH_PATHS = (
					"$(inherited)",
					"@executable_path/Frameworks",
				);
				PRODUCT_BUNDLE_IDENTIFIER = com.dhrubo.tabBarTest;
				PRODUCT_NAME = "$(TARGET_NAME)";
				TARGETED_DEVICE_FAMILY = "1,2";
			};
			name = Debug;
		};
		7B0BC1C2216866610040C2F6 /* Release */ = {
			isa = XCBuildConfiguration;
			buildSettings = {
				ASSETCATALOG_COMPILER_APPICON_NAME = AppIcon;
				CODE_SIGN_STYLE = Automatic;
				INFOPLIST_FILE = tabBarTest/Info.plist;
				LD_RUNPATH_SEARCH_PATHS = (
					"$(inherited)",
					"@executable_path/Frameworks",
				);
				PRODUCT_BUNDLE_IDENTIFIER = com.dhrubo.tabBarTest;
				PRODUCT_NAME = "$(TARGET_NAME)";
				TARGETED_DEVICE_FAMILY = "1,2";
			};
			name = Release;
		};
		7B0BC1C4216866610040C2F6 /* Debug */ = {
			isa = XCBuildConfiguration;
			buildSettings = {
				BUNDLE_LOADER = "$(TEST_HOST)";
				CODE_SIGN_STYLE = Automatic;
				INFOPLIST_FILE = tabBarTestTests/Info.plist;
				LD_RUNPATH_SEARCH_PATHS = (
					"$(inherited)",
					"@executable_path/Frameworks",
					"@loader_path/Frameworks",
				);
				PRODUCT_BUNDLE_IDENTIFIER = com.dhrubo.tabBarTestTests;
				PRODUCT_NAME = "$(TARGET_NAME)";
				TARGETED_DEVICE_FAMILY = "1,2";
				TEST_HOST = "$(BUILT_PRODUCTS_DIR)/tabBarTest.app/tabBarTest";
			};
			name = Debug;
		};
		7B0BC1C5216866610040C2F6 /* Release */ = {
			isa = XCBuildConfiguration;
			buildSettings = {
				BUNDLE_LOADER = "$(TEST_HOST)";
				CODE_SIGN_STYLE = Automatic;
				INFOPLIST_FILE = tabBarTestTests/Info.plist;
				LD_RUNPATH_SEARCH_PATHS = (
					"$(inherited)",
					"@executable_path/Frameworks",
					"@loader_path/Frameworks",
				);
				PRODUCT_BUNDLE_IDENTIFIER = com.dhrubo.tabBarTestTests;
				PRODUCT_NAME = "$(TARGET_NAME)";
				TARGETED_DEVICE_FAMILY = "1,2";
				TEST_HOST = "$(BUILT_PRODUCTS_DIR)/tabBarTest.app/tabBarTest";
			};
			name = Release;
		};
		7B0BC1C7216866610040C2F6 /* Debug */ = {
			isa = XCBuildConfiguration;
			buildSettings = {
				CODE_SIGN_STYLE = Automatic;
				INFOPLIST_FILE = tabBarTestUITests/Info.plist;
				LD_RUNPATH_SEARCH_PATHS = (
					"$(inherited)",
					"@executable_path/Frameworks",
					"@loader_path/Frameworks",
				);
				PRODUCT_BUNDLE_IDENTIFIER = com.dhrubo.tabBarTestUITests;
				PRODUCT_NAME = "$(TARGET_NAME)";
				TARGETED_DEVICE_FAMILY = "1,2";
				TEST_TARGET_NAME = tabBarTest;
			};
			name = Debug;
		};
		7B0BC1C8216866610040C2F6 /* Release */ = {
			isa = XCBuildConfiguration;
			buildSettings = {
				CODE_SIGN_STYLE = Automatic;
				INFOPLIST_FILE = tabBarTestUITests/Info.plist;
				LD_RUNPATH_SEARCH_PATHS = (
					"$(inherited)",
					"@executable_path/Frameworks",
					"@loader_path/Frameworks",
				);
				PRODUCT_BUNDLE_IDENTIFIER = com.dhrubo.tabBarTestUITests;
				PRODUCT_NAME = "$(TARGET_NAME)";
				TARGETED_DEVICE_FAMILY = "1,2";
				TEST_TARGET_NAME = tabBarTest;
			};
			name = Release;
		};
/* End XCBuildConfiguration section */

/* Begin XCConfigurationList section */
		7B0BC18F216866580040C2F6 /* Build configuration list for PBXProject "tabBarTest" */ = {
			isa = XCConfigurationList;
			buildConfigurations = (
				7B0BC1BE216866610040C2F6 /* Debug */,
				7B0BC1BF216866610040C2F6 /* Release */,
			);
			defaultConfigurationIsVisible = 0;
			defaultConfigurationName = Release;
		};
		7B0BC1C0216866610040C2F6 /* Build configuration list for PBXNativeTarget "tabBarTest" */ = {
			isa = XCConfigurationList;
			buildConfigurations = (
				7B0BC1C1216866610040C2F6 /* Debug */,
				7B0BC1C2216866610040C2F6 /* Release */,
			);
			defaultConfigurationIsVisible = 0;
			defaultConfigurationName = Release;
		};
		7B0BC1C3216866610040C2F6 /* Build configuration list for PBXNativeTarget "tabBarTestTests" */ = {
			isa = XCConfigurationList;
			buildConfigurations = (
				7B0BC1C4216866610040C2F6 /* Debug */,
				7B0BC1C5216866610040C2F6 /* Release */,
			);
			defaultConfigurationIsVisible = 0;
			defaultConfigurationName = Release;
		};
		7B0BC1C6216866610040C2F6 /* Build configuration list for PBXNativeTarget "tabBarTestUITests" */ = {
			isa = XCConfigurationList;
			buildConfigurations = (
				7B0BC1C7216866610040C2F6 /* Debug */,
				7B0BC1C8216866610040C2F6 /* Release */,
			);
			defaultConfigurationIsVisible = 0;
			defaultConfigurationName = Release;
		};
/* End XCConfigurationList section */
	};
	rootObject = 7B0BC18C216866580040C2F6 /* Project object */;
}
